
Microsoft Visual Studio Solution File, Format Version 12.00
# Visual Studio Version 17
VisualStudioVersion = 17.4.33213.308
MinimumVisualStudioVersion = 10.0.40219.1
Project("{8BC9CEB8-8B4A-11D0-8D11-00A0C91BC942}") = "Lab01.Task1.PolygonArea", "Lab01_PolygonArea\Lab01_PolygonArea.vcxproj", "{F4386077-C76E-4570-85F8-D240DFF2943B}"
EndProject
Project("{8BC9CEB8-8B4A-11D0-8D11-00A0C91BC942}") = "Lab02.Task1.SupSimpNum", "Lab02.Task1.SupSimpNum\Lab02.Task1.SupSimpNum.vcxproj", "{1CDBC307-E814-42BE-9BA5-F91F8832D38A}"
EndProject
Project("{8BC9CEB8-8B4A-11D0-8D11-00A0C91BC942}") = "Lab02.Task2.Snils", "Lab02.Task2.Snils\Lab02.Task2.Snils.vcxproj", "{8BBF25CD-041D-45EF-9DEE-74F83C735841}"
EndProject
Project("{8BC9CEB8-8B4A-11D0-8D11-00A0C91BC942}") = "Lab02.Task3.ChangeCoins", "Lab02.Task3.ChangeCoins\Lab02.Task3.ChangeCoins.vcxproj", "{B8CF249B-88FE-4495-94F9-ED5E967ECC93}"
EndProject
Project("{8BC9CEB8-8B4A-11D0-8D11-00A0C91BC942}") = "Lab02.Task3.TargetShooting", "Lab02.Task3.TargetShooting\Lab02.Task3.TargetShooting.vcxproj", "{3F0CD254-7E39-4260-8E3D-BBF21CF42720}"
EndProject
Project("{8BC9CEB8-8B4A-11D0-8D11-00A0C91BC942}") = "Lab03.Task1.SnilsNumberCheck", "Lab03.Task1.SnilsNumberCheck\Lab03.Task1.SnilsNumberCheck.vcxproj", "{DF62B948-C001-492B-9851-A7AE400B4885}"
EndProject
Project("{8BC9CEB8-8B4A-11D0-8D11-00A0C91BC942}") = "Lab03.Task2.IterationFunc", "Lab03.Task2.IterationFunc\Lab03.Task2.IterationFunc.vcxproj", "{DD60234A-A3A7-43DF-B90E-18BAFF56E03C}"
EndProject
Project("{8BC9CEB8-8B4A-11D0-8D11-00A0C91BC942}") = "Lab03.Task3.TriangAreas", "Lab03.Task3.TriangAreas\Lab03.Task3.TriangAreas.vcxproj", "{93F0DBD8-0616-4620-A172-C12EF5854CD3}"
EndProject
Project("{8BC9CEB8-8B4A-11D0-8D11-00A0C91BC942}") = "Lab03.Task4.RecFunc", "Lab03.Task4.RecFunc\Lab03.Task4.RecFunc.vcxproj", "{D8F4F713-DC98-4DFD-A48B-3E699AE1DEE8}"
EndProject
Project("{8BC9CEB8-8B4A-11D0-8D11-00A0C91BC942}") = "Lab03.Task5.Binary", "Lab03.Task5.Binary\Lab03.Task5.Binary.vcxproj", "{981040DF-E81A-44F1-BF77-C2C5698DB7A4}"
EndProject
Project("{8BC9CEB8-8B4A-11D0-8D11-00A0C91BC942}") = "Lab04.Task1.QuadEq", "Lab04.Task1.QuadEquation\Lab04.Task1.QuadEquation.vcxproj", "{D99FC4CA-3DF5-44FC-AE6F-E18CD838CABE}"
EndProject
Project("{8BC9CEB8-8B4A-11D0-8D11-00A0C91BC942}") = "Lab05.Task1.ArToFunc", "Lab05.Task1.ArToFunc\Lab05.Task1.ArToFunc.vcxproj", "{AB6A386B-0EA1-489C-900F-ACDEFB5C1FE5}"
EndProject
Project("{8BC9CEB8-8B4A-11D0-8D11-00A0C91BC942}") = "Lab04.Task2.InputFunc", "Lab04.Task2.InputFunc\Lab04.Task2.InputFunc.vcxproj", "{51EC1918-8BA9-4A59-9922-146DC167C7E5}"
EndProject
Global
	GlobalSection(SolutionConfigurationPlatforms) = preSolution
		Debug|x64 = Debug|x64
		Debug|x86 = Debug|x86
		Release|x64 = Release|x64
		Release|x86 = Release|x86
	EndGlobalSection
	GlobalSection(ProjectConfigurationPlatforms) = postSolution
		{F4386077-C76E-4570-85F8-D240DFF2943B}.Debug|x64.ActiveCfg = Debug|x64
		{F4386077-C76E-4570-85F8-D240DFF2943B}.Debug|x64.Build.0 = Debug|x64
		{F4386077-C76E-4570-85F8-D240DFF2943B}.Debug|x86.ActiveCfg = Debug|Win32
		{F4386077-C76E-4570-85F8-D240DFF2943B}.Debug|x86.Build.0 = Debug|Win32
		{F4386077-C76E-4570-85F8-D240DFF2943B}.Release|x64.ActiveCfg = Release|x64
		{F4386077-C76E-4570-85F8-D240DFF2943B}.Release|x64.Build.0 = Release|x64
		{F4386077-C76E-4570-85F8-D240DFF2943B}.Release|x86.ActiveCfg = Release|Win32
		{F4386077-C76E-4570-85F8-D240DFF2943B}.Release|x86.Build.0 = Release|Win32
		{1CDBC307-E814-42BE-9BA5-F91F8832D38A}.Debug|x64.ActiveCfg = Debug|x64
		{1CDBC307-E814-42BE-9BA5-F91F8832D38A}.Debug|x64.Build.0 = Debug|x64
		{1CDBC307-E814-42BE-9BA5-F91F8832D38A}.Debug|x86.ActiveCfg = Debug|Win32
		{1CDBC307-E814-42BE-9BA5-F91F8832D38A}.Debug|x86.Build.0 = Debug|Win32
		{1CDBC307-E814-42BE-9BA5-F91F8832D38A}.Release|x64.ActiveCfg = Release|x64
		{1CDBC307-E814-42BE-9BA5-F91F8832D38A}.Release|x64.Build.0 = Release|x64
		{1CDBC307-E814-42BE-9BA5-F91F8832D38A}.Release|x86.ActiveCfg = Release|Win32
		{1CDBC307-E814-42BE-9BA5-F91F8832D38A}.Release|x86.Build.0 = Release|Win32
		{8BBF25CD-041D-45EF-9DEE-74F83C735841}.Debug|x64.ActiveCfg = Debug|x64
		{8BBF25CD-041D-45EF-9DEE-74F83C735841}.Debug|x64.Build.0 = Debug|x64
		{8BBF25CD-041D-45EF-9DEE-74F83C735841}.Debug|x86.ActiveCfg = Debug|Win32
		{8BBF25CD-041D-45EF-9DEE-74F83C735841}.Debug|x86.Build.0 = Debug|Win32
		{8BBF25CD-041D-45EF-9DEE-74F83C735841}.Release|x64.ActiveCfg = Release|x64
		{8BBF25CD-041D-45EF-9DEE-74F83C735841}.Release|x64.Build.0 = Release|x64
		{8BBF25CD-041D-45EF-9DEE-74F83C735841}.Release|x86.ActiveCfg = Release|Win32
		{8BBF25CD-041D-45EF-9DEE-74F83C735841}.Release|x86.Build.0 = Release|Win32
		{B8CF249B-88FE-4495-94F9-ED5E967ECC93}.Debug|x64.ActiveCfg = Debug|x64
		{B8CF249B-88FE-4495-94F9-ED5E967ECC93}.Debug|x64.Build.0 = Debug|x64
		{B8CF249B-88FE-4495-94F9-ED5E967ECC93}.Debug|x86.ActiveCfg = Debug|Win32
		{B8CF249B-88FE-4495-94F9-ED5E967ECC93}.Debug|x86.Build.0 = Debug|Win32
		{B8CF249B-88FE-4495-94F9-ED5E967ECC93}.Release|x64.ActiveCfg = Release|x64
		{B8CF249B-88FE-4495-94F9-ED5E967ECC93}.Release|x64.Build.0 = Release|x64
		{B8CF249B-88FE-4495-94F9-ED5E967ECC93}.Release|x86.ActiveCfg = Release|Win32
		{B8CF249B-88FE-4495-94F9-ED5E967ECC93}.Release|x86.Build.0 = Release|Win32
		{3F0CD254-7E39-4260-8E3D-BBF21CF42720}.Debug|x64.ActiveCfg = Debug|x64
		{3F0CD254-7E39-4260-8E3D-BBF21CF42720}.Debug|x64.Build.0 = Debug|x64
		{3F0CD254-7E39-4260-8E3D-BBF21CF42720}.Debug|x86.ActiveCfg = Debug|Win32
		{3F0CD254-7E39-4260-8E3D-BBF21CF42720}.Debug|x86.Build.0 = Debug|Win32
		{3F0CD254-7E39-4260-8E3D-BBF21CF42720}.Release|x64.ActiveCfg = Release|x64
		{3F0CD254-7E39-4260-8E3D-BBF21CF42720}.Release|x64.Build.0 = Release|x64
		{3F0CD254-7E39-4260-8E3D-BBF21CF42720}.Release|x86.ActiveCfg = Release|Win32
		{3F0CD254-7E39-4260-8E3D-BBF21CF42720}.Release|x86.Build.0 = Release|Win32
		{DF62B948-C001-492B-9851-A7AE400B4885}.Debug|x64.ActiveCfg = Debug|x64
		{DF62B948-C001-492B-9851-A7AE400B4885}.Debug|x64.Build.0 = Debug|x64
		{DF62B948-C001-492B-9851-A7AE400B4885}.Debug|x86.ActiveCfg = Debug|Win32
		{DF62B948-C001-492B-9851-A7AE400B4885}.Debug|x86.Build.0 = Debug|Win32
		{DF62B948-C001-492B-9851-A7AE400B4885}.Release|x64.ActiveCfg = Release|x64
		{DF62B948-C001-492B-9851-A7AE400B4885}.Release|x64.Build.0 = Release|x64
		{DF62B948-C001-492B-9851-A7AE400B4885}.Release|x86.ActiveCfg = Release|Win32
		{DF62B948-C001-492B-9851-A7AE400B4885}.Release|x86.Build.0 = Release|Win32
		{DD60234A-A3A7-43DF-B90E-18BAFF56E03C}.Debug|x64.ActiveCfg = Debug|x64
		{DD60234A-A3A7-43DF-B90E-18BAFF56E03C}.Debug|x64.Build.0 = Debug|x64
		{DD60234A-A3A7-43DF-B90E-18BAFF56E03C}.Debug|x86.ActiveCfg = Debug|Win32
		{DD60234A-A3A7-43DF-B90E-18BAFF56E03C}.Debug|x86.Build.0 = Debug|Win32
		{DD60234A-A3A7-43DF-B90E-18BAFF56E03C}.Release|x64.ActiveCfg = Release|x64
		{DD60234A-A3A7-43DF-B90E-18BAFF56E03C}.Release|x64.Build.0 = Release|x64
		{DD60234A-A3A7-43DF-B90E-18BAFF56E03C}.Release|x86.ActiveCfg = Release|Win32
		{DD60234A-A3A7-43DF-B90E-18BAFF56E03C}.Release|x86.Build.0 = Release|Win32
		{93F0DBD8-0616-4620-A172-C12EF5854CD3}.Debug|x64.ActiveCfg = Debug|x64
		{93F0DBD8-0616-4620-A172-C12EF5854CD3}.Debug|x64.Build.0 = Debug|x64
		{93F0DBD8-0616-4620-A172-C12EF5854CD3}.Debug|x86.ActiveCfg = Debug|Win32
		{93F0DBD8-0616-4620-A172-C12EF5854CD3}.Debug|x86.Build.0 = Debug|Win32
		{93F0DBD8-0616-4620-A172-C12EF5854CD3}.Release|x64.ActiveCfg = Release|x64
		{93F0DBD8-0616-4620-A172-C12EF5854CD3}.Release|x64.Build.0 = Release|x64
		{93F0DBD8-0616-4620-A172-C12EF5854CD3}.Release|x86.ActiveCfg = Release|Win32
		{93F0DBD8-0616-4620-A172-C12EF5854CD3}.Release|x86.Build.0 = Release|Win32
		{D8F4F713-DC98-4DFD-A48B-3E699AE1DEE8}.Debug|x64.ActiveCfg = Debug|x64
		{D8F4F713-DC98-4DFD-A48B-3E699AE1DEE8}.Debug|x64.Build.0 = Debug|x64
		{D8F4F713-DC98-4DFD-A48B-3E699AE1DEE8}.Debug|x86.ActiveCfg = Debug|Win32
		{D8F4F713-DC98-4DFD-A48B-3E699AE1DEE8}.Debug|x86.Build.0 = Debug|Win32
		{D8F4F713-DC98-4DFD-A48B-3E699AE1DEE8}.Release|x64.ActiveCfg = Release|x64
		{D8F4F713-DC98-4DFD-A48B-3E699AE1DEE8}.Release|x64.Build.0 = Release|x64
		{D8F4F713-DC98-4DFD-A48B-3E699AE1DEE8}.Release|x86.ActiveCfg = Release|Win32
		{D8F4F713-DC98-4DFD-A48B-3E699AE1DEE8}.Release|x86.Build.0 = Release|Win32
		{981040DF-E81A-44F1-BF77-C2C5698DB7A4}.Debug|x64.ActiveCfg = Debug|x64
		{981040DF-E81A-44F1-BF77-C2C5698DB7A4}.Debug|x64.Build.0 = Debug|x64
		{981040DF-E81A-44F1-BF77-C2C5698DB7A4}.Debug|x86.ActiveCfg = Debug|Win32
		{981040DF-E81A-44F1-BF77-C2C5698DB7A4}.Debug|x86.Build.0 = Debug|Win32
		{981040DF-E81A-44F1-BF77-C2C5698DB7A4}.Release|x64.ActiveCfg = Release|x64
		{981040DF-E81A-44F1-BF77-C2C5698DB7A4}.Release|x64.Build.0 = Release|x64
		{981040DF-E81A-44F1-BF77-C2C5698DB7A4}.Release|x86.ActiveCfg = Release|Win32
		{981040DF-E81A-44F1-BF77-C2C5698DB7A4}.Release|x86.Build.0 = Release|Win32
		{D99FC4CA-3DF5-44FC-AE6F-E18CD838CABE}.Debug|x64.ActiveCfg = Debug|x64
		{D99FC4CA-3DF5-44FC-AE6F-E18CD838CABE}.Debug|x64.Build.0 = Debug|x64
		{D99FC4CA-3DF5-44FC-AE6F-E18CD838CABE}.Debug|x86.ActiveCfg = Debug|Win32
		{D99FC4CA-3DF5-44FC-AE6F-E18CD838CABE}.Debug|x86.Build.0 = Debug|Win32
		{D99FC4CA-3DF5-44FC-AE6F-E18CD838CABE}.Release|x64.ActiveCfg = Release|x64
		{D99FC4CA-3DF5-44FC-AE6F-E18CD838CABE}.Release|x64.Build.0 = Release|x64
		{D99FC4CA-3DF5-44FC-AE6F-E18CD838CABE}.Release|x86.ActiveCfg = Release|Win32
		{D99FC4CA-3DF5-44FC-AE6F-E18CD838CABE}.Release|x86.Build.0 = Release|Win32
		{AB6A386B-0EA1-489C-900F-ACDEFB5C1FE5}.Debug|x64.ActiveCfg = Debug|x64
		{AB6A386B-0EA1-489C-900F-ACDEFB5C1FE5}.Debug|x64.Build.0 = Debug|x64
		{AB6A386B-0EA1-489C-900F-ACDEFB5C1FE5}.Debug|x86.ActiveCfg = Debug|Win32
		{AB6A386B-0EA1-489C-900F-ACDEFB5C1FE5}.Debug|x86.Build.0 = Debug|Win32
		{AB6A386B-0EA1-489C-900F-ACDEFB5C1FE5}.Release|x64.ActiveCfg = Release|x64
		{AB6A386B-0EA1-489C-900F-ACDEFB5C1FE5}.Release|x64.Build.0 = Release|x64
		{AB6A386B-0EA1-489C-900F-ACDEFB5C1FE5}.Release|x86.ActiveCfg = Release|Win32
		{AB6A386B-0EA1-489C-900F-ACDEFB5C1FE5}.Release|x86.Build.0 = Release|Win32
		{51EC1918-8BA9-4A59-9922-146DC167C7E5}.Debug|x64.ActiveCfg = Debug|x64
		{51EC1918-8BA9-4A59-9922-146DC167C7E5}.Debug|x64.Build.0 = Debug|x64
		{51EC1918-8BA9-4A59-9922-146DC167C7E5}.Debug|x86.ActiveCfg = Debug|Win32
		{51EC1918-8BA9-4A59-9922-146DC167C7E5}.Debug|x86.Build.0 = Debug|Win32
		{51EC1918-8BA9-4A59-9922-146DC167C7E5}.Release|x64.ActiveCfg = Release|x64
		{51EC1918-8BA9-4A59-9922-146DC167C7E5}.Release|x64.Build.0 = Release|x64
		{51EC1918-8BA9-4A59-9922-146DC167C7E5}.Release|x86.ActiveCfg = Release|Win32
		{51EC1918-8BA9-4A59-9922-146DC167C7E5}.Release|x86.Build.0 = Release|Win32
	EndGlobalSection
	GlobalSection(SolutionProperties) = preSolution
		HideSolutionNode = FALSE
	EndGlobalSection
	GlobalSection(ExtensibilityGlobals) = postSolution
		SolutionGuid = {5A057D22-6FEF-424A-9668-0024B48817DA}
	EndGlobalSection
EndGlobal
