
Microsoft Visual Studio Solution File, Format Version 12.00
# Visual Studio Version 17
VisualStudioVersion = 17.4.33213.308
MinimumVisualStudioVersion = 10.0.40219.1
Project("{8BC9CEB8-8B4A-11D0-8D11-00A0C91BC942}") = "Lab01.Task1.PolygonArea", "Lab01_PolygonArea\Lab01_PolygonArea.vcxproj", "{F4386077-C76E-4570-85F8-D240DFF2943B}"
EndProject
Project("{8BC9CEB8-8B4A-11D0-8D11-00A0C91BC942}") = "Lab02.Task1.SupSimpNum", "Lab02.Task1.SupSimpNum\Lab02.Task1.SupSimpNum.vcxproj", "{1CDBC307-E814-42BE-9BA5-F91F8832D38A}"
EndProject
Project("{8BC9CEB8-8B4A-11D0-8D11-00A0C91BC942}") = "Lab02.Task2.Snils", "Lab02.Task2.Snils\Lab02.Task2.Snils.vcxproj", "{8BBF25CD-041D-45EF-9DEE-74F83C735841}"
EndProject
Project("{8BC9CEB8-8B4A-11D0-8D11-00A0C91BC942}") = "Lab02.Task3.ChangeCoins", "Lab02.Task3.ChangeCoins\Lab02.Task3.ChangeCoins.vcxproj", "{B8CF249B-88FE-4495-94F9-ED5E967ECC93}"
EndProject
Project("{8BC9CEB8-8B4A-11D0-8D11-00A0C91BC942}") = "Lab02.Task3.TargetShooting", "Lab02.Task3.TargetShooting\Lab02.Task3.TargetShooting.vcxproj", "{3F0CD254-7E39-4260-8E3D-BBF21CF42720}"
EndProject
Project("{8BC9CEB8-8B4A-11D0-8D11-00A0C91BC942}") = "Lab03.Task1.SnilsNumberCheck", "Lab03.Task1.SnilsNumberCheck\Lab03.Task1.SnilsNumberCheck.vcxproj", "{DF62B948-C001-492B-9851-A7AE400B4885}"
EndProject
Project("{8BC9CEB8-8B4A-11D0-8D11-00A0C91BC942}") = "Lab03.Task2.IterationFunc", "Lab03.Task2.IterationFunc\Lab03.Task2.IterationFunc.vcxproj", "{DD60234A-A3A7-43DF-B90E-18BAFF56E03C}"
EndProject
Project("{8BC9CEB8-8B4A-11D0-8D11-00A0C91BC942}") = "Lab03.Task3.TriangAreas", "Lab03.Task3.TriangAreas\Lab03.Task3.TriangAreas.vcxproj", "{93F0DBD8-0616-4620-A172-C12EF5854CD3}"
EndProject
Project("{8BC9CEB8-8B4A-11D0-8D11-00A0C91BC942}") = "Lab03.Task4.RecFunc", "Lab03.Task4.RecFunc\Lab03.Task4.RecFunc.vcxproj", "{D8F4F713-DC98-4DFD-A48B-3E699AE1DEE8}"
EndProject
Project("{8BC9CEB8-8B4A-11D0-8D11-00A0C91BC942}") = "Lab03.Task5.Binary", "Lab03.Task5.Binary\Lab03.Task5.Binary.vcxproj", "{981040DF-E81A-44F1-BF77-C2C5698DB7A4}"
EndProject
Project("{8BC9CEB8-8B4A-11D0-8D11-00A0C91BC942}") = "Lab04.Task1.QuadEq", "Lab04.Task1.QuadEquation\Lab04.Task1.QuadEquation.vcxproj", "{D99FC4CA-3DF5-44FC-AE6F-E18CD838CABE}"
EndProject
Project("{8BC9CEB8-8B4A-11D0-8D11-00A0C91BC942}") = "Lab05.Task1.ArToFunc", "Lab05.Task1.ArToFunc\Lab05.Task1.ArToFunc.vcxproj", "{AB6A386B-0EA1-489C-900F-ACDEFB5C1FE5}"
EndProject
Project("{8BC9CEB8-8B4A-11D0-8D11-00A0C91BC942}") = "Lab04.Task2.InputFunc", "Lab04.Task2.InputFunc\Lab04.Task2.InputFunc.vcxproj", "{51EC1918-8BA9-4A59-9922-146DC167C7E5}"
EndProject
Project("{8BC9CEB8-8B4A-11D0-8D11-00A0C91BC942}") = "Lab05.Task2.ArrayFromFunc", "Lab05.Task2.ArrayFromFunc\Lab05.Task2.ArrayFromFunc.vcxproj", "{85C172C6-4035-4485-9676-23359BC89ADB}"
EndProject
Project("{8BC9CEB8-8B4A-11D0-8D11-00A0C91BC942}") = "Lab05.Task3.Transpos", "Lab05.Task3.Transpos\Lab05.Task3.Transpos.vcxproj", "{F7E0DACE-E888-46C8-9AEC-3DA9B83DBA39}"
EndProject
Project("{8BC9CEB8-8B4A-11D0-8D11-00A0C91BC942}") = "Lab05.Task4.ParamsToProg", "Lab05.Task4.ParamsToProg\Lab05.Task4.ParamsToProg.vcxproj", "{53CDEB91-6C25-4B70-AF90-0F5E6F3C1B49}"
EndProject
Project("{8BC9CEB8-8B4A-11D0-8D11-00A0C91BC942}") = "Lab06.Task1.TextToFile", "Lab06.Task1.TextToFile\Lab06.Task1.TextToFile.vcxproj", "{7B6AAE3C-30D8-45F1-97B2-B1227AF36930}"
EndProject
Project("{8BC9CEB8-8B4A-11D0-8D11-00A0C91BC942}") = "Lab06.Task2.SaveToFile", "Lab06.Task2.SaveToFile\Lab06.Task2.SaveToFile.vcxproj", "{27855566-B371-40B9-932D-FC5BC687106F}"
EndProject
Project("{8BC9CEB8-8B4A-11D0-8D11-00A0C91BC942}") = "Lab06.Task3.SaveToJson", "Lab06.Task3.SaveToJson\Lab06.Task3.SaveToJson.vcxproj", "{45E56C45-146D-4C99-BDD7-D917B36E9793}"
EndProject
Project("{8BC9CEB8-8B4A-11D0-8D11-00A0C91BC942}") = "Lab07.Task1.TimeStructure", "Lab07.Task1.TimeStructure\Lab07.Task1.TimeStructure.vcxproj", "{DA85A91F-5567-4B65-9E94-6C97F7508187}"
EndProject
Project("{8BC9CEB8-8B4A-11D0-8D11-00A0C91BC942}") = "Lab07.Task2.QuadrEq1", "Lab07.Task2.QuadrEq1\Lab07.Task2.QuadrEq1.vcxproj", "{699B4821-F3AB-4C69-88BE-9761C77457D3}"
EndProject
Project("{8BC9CEB8-8B4A-11D0-8D11-00A0C91BC942}") = "Lab07.Task3.QuadrEq2", "Lab07.Task3.QuadrEq2\Lab07.Task3.QuadrEq2.vcxproj", "{A6F55C8A-DCF2-48F7-8B1D-F730AF4AB9E4}"
EndProject
Project("{8BC9CEB8-8B4A-11D0-8D11-00A0C91BC942}") = "Lab08.Ex1.Student01", "Lab08.Ex1.Student01\Lab08.Ex1.Student01.vcxproj", "{E9F2771F-9F8F-4DBC-93B3-038C6312272C}"
EndProject
Project("{8BC9CEB8-8B4A-11D0-8D11-00A0C91BC942}") = "Lab08.Ex2.Student01", "Lab08.Ex2.Student01\Lab08.Ex2.Student01.vcxproj", "{3D02C576-5537-4422-AB6B-1B0968F19BCF}"
EndProject
Project("{8BC9CEB8-8B4A-11D0-8D11-00A0C91BC942}") = "Lab08.Task1.Time", "Lab08.Task1.Time\Lab08.Task1.Time.vcxproj", "{9E0586B3-8AC8-4002-A61E-65912E867587}"
EndProject
Global
	GlobalSection(SolutionConfigurationPlatforms) = preSolution
		Debug|x64 = Debug|x64
		Debug|x86 = Debug|x86
		Release|x64 = Release|x64
		Release|x86 = Release|x86
	EndGlobalSection
	GlobalSection(ProjectConfigurationPlatforms) = postSolution
		{F4386077-C76E-4570-85F8-D240DFF2943B}.Debug|x64.ActiveCfg = Debug|x64
		{F4386077-C76E-4570-85F8-D240DFF2943B}.Debug|x64.Build.0 = Debug|x64
		{F4386077-C76E-4570-85F8-D240DFF2943B}.Debug|x86.ActiveCfg = Debug|Win32
		{F4386077-C76E-4570-85F8-D240DFF2943B}.Debug|x86.Build.0 = Debug|Win32
		{F4386077-C76E-4570-85F8-D240DFF2943B}.Release|x64.ActiveCfg = Release|x64
		{F4386077-C76E-4570-85F8-D240DFF2943B}.Release|x64.Build.0 = Release|x64
		{F4386077-C76E-4570-85F8-D240DFF2943B}.Release|x86.ActiveCfg = Release|Win32
		{F4386077-C76E-4570-85F8-D240DFF2943B}.Release|x86.Build.0 = Release|Win32
		{1CDBC307-E814-42BE-9BA5-F91F8832D38A}.Debug|x64.ActiveCfg = Debug|x64
		{1CDBC307-E814-42BE-9BA5-F91F8832D38A}.Debug|x64.Build.0 = Debug|x64
		{1CDBC307-E814-42BE-9BA5-F91F8832D38A}.Debug|x86.ActiveCfg = Debug|Win32
		{1CDBC307-E814-42BE-9BA5-F91F8832D38A}.Debug|x86.Build.0 = Debug|Win32
		{1CDBC307-E814-42BE-9BA5-F91F8832D38A}.Release|x64.ActiveCfg = Release|x64
		{1CDBC307-E814-42BE-9BA5-F91F8832D38A}.Release|x64.Build.0 = Release|x64
		{1CDBC307-E814-42BE-9BA5-F91F8832D38A}.Release|x86.ActiveCfg = Release|Win32
		{1CDBC307-E814-42BE-9BA5-F91F8832D38A}.Release|x86.Build.0 = Release|Win32
		{8BBF25CD-041D-45EF-9DEE-74F83C735841}.Debug|x64.ActiveCfg = Debug|x64
		{8BBF25CD-041D-45EF-9DEE-74F83C735841}.Debug|x64.Build.0 = Debug|x64
		{8BBF25CD-041D-45EF-9DEE-74F83C735841}.Debug|x86.ActiveCfg = Debug|Win32
		{8BBF25CD-041D-45EF-9DEE-74F83C735841}.Debug|x86.Build.0 = Debug|Win32
		{8BBF25CD-041D-45EF-9DEE-74F83C735841}.Release|x64.ActiveCfg = Release|x64
		{8BBF25CD-041D-45EF-9DEE-74F83C735841}.Release|x64.Build.0 = Release|x64
		{8BBF25CD-041D-45EF-9DEE-74F83C735841}.Release|x86.ActiveCfg = Release|Win32
		{8BBF25CD-041D-45EF-9DEE-74F83C735841}.Release|x86.Build.0 = Release|Win32
		{B8CF249B-88FE-4495-94F9-ED5E967ECC93}.Debug|x64.ActiveCfg = Debug|x64
		{B8CF249B-88FE-4495-94F9-ED5E967ECC93}.Debug|x64.Build.0 = Debug|x64
		{B8CF249B-88FE-4495-94F9-ED5E967ECC93}.Debug|x86.ActiveCfg = Debug|Win32
		{B8CF249B-88FE-4495-94F9-ED5E967ECC93}.Debug|x86.Build.0 = Debug|Win32
		{B8CF249B-88FE-4495-94F9-ED5E967ECC93}.Release|x64.ActiveCfg = Release|x64
		{B8CF249B-88FE-4495-94F9-ED5E967ECC93}.Release|x64.Build.0 = Release|x64
		{B8CF249B-88FE-4495-94F9-ED5E967ECC93}.Release|x86.ActiveCfg = Release|Win32
		{B8CF249B-88FE-4495-94F9-ED5E967ECC93}.Release|x86.Build.0 = Release|Win32
		{3F0CD254-7E39-4260-8E3D-BBF21CF42720}.Debug|x64.ActiveCfg = Debug|x64
		{3F0CD254-7E39-4260-8E3D-BBF21CF42720}.Debug|x64.Build.0 = Debug|x64
		{3F0CD254-7E39-4260-8E3D-BBF21CF42720}.Debug|x86.ActiveCfg = Debug|Win32
		{3F0CD254-7E39-4260-8E3D-BBF21CF42720}.Debug|x86.Build.0 = Debug|Win32
		{3F0CD254-7E39-4260-8E3D-BBF21CF42720}.Release|x64.ActiveCfg = Release|x64
		{3F0CD254-7E39-4260-8E3D-BBF21CF42720}.Release|x64.Build.0 = Release|x64
		{3F0CD254-7E39-4260-8E3D-BBF21CF42720}.Release|x86.ActiveCfg = Release|Win32
		{3F0CD254-7E39-4260-8E3D-BBF21CF42720}.Release|x86.Build.0 = Release|Win32
		{DF62B948-C001-492B-9851-A7AE400B4885}.Debug|x64.ActiveCfg = Debug|x64
		{DF62B948-C001-492B-9851-A7AE400B4885}.Debug|x64.Build.0 = Debug|x64
		{DF62B948-C001-492B-9851-A7AE400B4885}.Debug|x86.ActiveCfg = Debug|Win32
		{DF62B948-C001-492B-9851-A7AE400B4885}.Debug|x86.Build.0 = Debug|Win32
		{DF62B948-C001-492B-9851-A7AE400B4885}.Release|x64.ActiveCfg = Release|x64
		{DF62B948-C001-492B-9851-A7AE400B4885}.Release|x64.Build.0 = Release|x64
		{DF62B948-C001-492B-9851-A7AE400B4885}.Release|x86.ActiveCfg = Release|Win32
		{DF62B948-C001-492B-9851-A7AE400B4885}.Release|x86.Build.0 = Release|Win32
		{DD60234A-A3A7-43DF-B90E-18BAFF56E03C}.Debug|x64.ActiveCfg = Debug|x64
		{DD60234A-A3A7-43DF-B90E-18BAFF56E03C}.Debug|x64.Build.0 = Debug|x64
		{DD60234A-A3A7-43DF-B90E-18BAFF56E03C}.Debug|x86.ActiveCfg = Debug|Win32
		{DD60234A-A3A7-43DF-B90E-18BAFF56E03C}.Debug|x86.Build.0 = Debug|Win32
		{DD60234A-A3A7-43DF-B90E-18BAFF56E03C}.Release|x64.ActiveCfg = Release|x64
		{DD60234A-A3A7-43DF-B90E-18BAFF56E03C}.Release|x64.Build.0 = Release|x64
		{DD60234A-A3A7-43DF-B90E-18BAFF56E03C}.Release|x86.ActiveCfg = Release|Win32
		{DD60234A-A3A7-43DF-B90E-18BAFF56E03C}.Release|x86.Build.0 = Release|Win32
		{93F0DBD8-0616-4620-A172-C12EF5854CD3}.Debug|x64.ActiveCfg = Debug|x64
		{93F0DBD8-0616-4620-A172-C12EF5854CD3}.Debug|x64.Build.0 = Debug|x64
		{93F0DBD8-0616-4620-A172-C12EF5854CD3}.Debug|x86.ActiveCfg = Debug|Win32
		{93F0DBD8-0616-4620-A172-C12EF5854CD3}.Debug|x86.Build.0 = Debug|Win32
		{93F0DBD8-0616-4620-A172-C12EF5854CD3}.Release|x64.ActiveCfg = Release|x64
		{93F0DBD8-0616-4620-A172-C12EF5854CD3}.Release|x64.Build.0 = Release|x64
		{93F0DBD8-0616-4620-A172-C12EF5854CD3}.Release|x86.ActiveCfg = Release|Win32
		{93F0DBD8-0616-4620-A172-C12EF5854CD3}.Release|x86.Build.0 = Release|Win32
		{D8F4F713-DC98-4DFD-A48B-3E699AE1DEE8}.Debug|x64.ActiveCfg = Debug|x64
		{D8F4F713-DC98-4DFD-A48B-3E699AE1DEE8}.Debug|x64.Build.0 = Debug|x64
		{D8F4F713-DC98-4DFD-A48B-3E699AE1DEE8}.Debug|x86.ActiveCfg = Debug|Win32
		{D8F4F713-DC98-4DFD-A48B-3E699AE1DEE8}.Debug|x86.Build.0 = Debug|Win32
		{D8F4F713-DC98-4DFD-A48B-3E699AE1DEE8}.Release|x64.ActiveCfg = Release|x64
		{D8F4F713-DC98-4DFD-A48B-3E699AE1DEE8}.Release|x64.Build.0 = Release|x64
		{D8F4F713-DC98-4DFD-A48B-3E699AE1DEE8}.Release|x86.ActiveCfg = Release|Win32
		{D8F4F713-DC98-4DFD-A48B-3E699AE1DEE8}.Release|x86.Build.0 = Release|Win32
		{981040DF-E81A-44F1-BF77-C2C5698DB7A4}.Debug|x64.ActiveCfg = Debug|x64
		{981040DF-E81A-44F1-BF77-C2C5698DB7A4}.Debug|x64.Build.0 = Debug|x64
		{981040DF-E81A-44F1-BF77-C2C5698DB7A4}.Debug|x86.ActiveCfg = Debug|Win32
		{981040DF-E81A-44F1-BF77-C2C5698DB7A4}.Debug|x86.Build.0 = Debug|Win32
		{981040DF-E81A-44F1-BF77-C2C5698DB7A4}.Release|x64.ActiveCfg = Release|x64
		{981040DF-E81A-44F1-BF77-C2C5698DB7A4}.Release|x64.Build.0 = Release|x64
		{981040DF-E81A-44F1-BF77-C2C5698DB7A4}.Release|x86.ActiveCfg = Release|Win32
		{981040DF-E81A-44F1-BF77-C2C5698DB7A4}.Release|x86.Build.0 = Release|Win32
		{D99FC4CA-3DF5-44FC-AE6F-E18CD838CABE}.Debug|x64.ActiveCfg = Debug|x64
		{D99FC4CA-3DF5-44FC-AE6F-E18CD838CABE}.Debug|x64.Build.0 = Debug|x64
		{D99FC4CA-3DF5-44FC-AE6F-E18CD838CABE}.Debug|x86.ActiveCfg = Debug|Win32
		{D99FC4CA-3DF5-44FC-AE6F-E18CD838CABE}.Debug|x86.Build.0 = Debug|Win32
		{D99FC4CA-3DF5-44FC-AE6F-E18CD838CABE}.Release|x64.ActiveCfg = Release|x64
		{D99FC4CA-3DF5-44FC-AE6F-E18CD838CABE}.Release|x64.Build.0 = Release|x64
		{D99FC4CA-3DF5-44FC-AE6F-E18CD838CABE}.Release|x86.ActiveCfg = Release|Win32
		{D99FC4CA-3DF5-44FC-AE6F-E18CD838CABE}.Release|x86.Build.0 = Release|Win32
		{AB6A386B-0EA1-489C-900F-ACDEFB5C1FE5}.Debug|x64.ActiveCfg = Debug|x64
		{AB6A386B-0EA1-489C-900F-ACDEFB5C1FE5}.Debug|x64.Build.0 = Debug|x64
		{AB6A386B-0EA1-489C-900F-ACDEFB5C1FE5}.Debug|x86.ActiveCfg = Debug|Win32
		{AB6A386B-0EA1-489C-900F-ACDEFB5C1FE5}.Debug|x86.Build.0 = Debug|Win32
		{AB6A386B-0EA1-489C-900F-ACDEFB5C1FE5}.Release|x64.ActiveCfg = Release|x64
		{AB6A386B-0EA1-489C-900F-ACDEFB5C1FE5}.Release|x64.Build.0 = Release|x64
		{AB6A386B-0EA1-489C-900F-ACDEFB5C1FE5}.Release|x86.ActiveCfg = Release|Win32
		{AB6A386B-0EA1-489C-900F-ACDEFB5C1FE5}.Release|x86.Build.0 = Release|Win32
		{51EC1918-8BA9-4A59-9922-146DC167C7E5}.Debug|x64.ActiveCfg = Debug|x64
		{51EC1918-8BA9-4A59-9922-146DC167C7E5}.Debug|x64.Build.0 = Debug|x64
		{51EC1918-8BA9-4A59-9922-146DC167C7E5}.Debug|x86.ActiveCfg = Debug|Win32
		{51EC1918-8BA9-4A59-9922-146DC167C7E5}.Debug|x86.Build.0 = Debug|Win32
		{51EC1918-8BA9-4A59-9922-146DC167C7E5}.Release|x64.ActiveCfg = Release|x64
		{51EC1918-8BA9-4A59-9922-146DC167C7E5}.Release|x64.Build.0 = Release|x64
		{51EC1918-8BA9-4A59-9922-146DC167C7E5}.Release|x86.ActiveCfg = Release|Win32
		{51EC1918-8BA9-4A59-9922-146DC167C7E5}.Release|x86.Build.0 = Release|Win32
		{85C172C6-4035-4485-9676-23359BC89ADB}.Debug|x64.ActiveCfg = Debug|x64
		{85C172C6-4035-4485-9676-23359BC89ADB}.Debug|x64.Build.0 = Debug|x64
		{85C172C6-4035-4485-9676-23359BC89ADB}.Debug|x86.ActiveCfg = Debug|Win32
		{85C172C6-4035-4485-9676-23359BC89ADB}.Debug|x86.Build.0 = Debug|Win32
		{85C172C6-4035-4485-9676-23359BC89ADB}.Release|x64.ActiveCfg = Release|x64
		{85C172C6-4035-4485-9676-23359BC89ADB}.Release|x64.Build.0 = Release|x64
		{85C172C6-4035-4485-9676-23359BC89ADB}.Release|x86.ActiveCfg = Release|Win32
		{85C172C6-4035-4485-9676-23359BC89ADB}.Release|x86.Build.0 = Release|Win32
		{F7E0DACE-E888-46C8-9AEC-3DA9B83DBA39}.Debug|x64.ActiveCfg = Debug|x64
		{F7E0DACE-E888-46C8-9AEC-3DA9B83DBA39}.Debug|x64.Build.0 = Debug|x64
		{F7E0DACE-E888-46C8-9AEC-3DA9B83DBA39}.Debug|x86.ActiveCfg = Debug|Win32
		{F7E0DACE-E888-46C8-9AEC-3DA9B83DBA39}.Debug|x86.Build.0 = Debug|Win32
		{F7E0DACE-E888-46C8-9AEC-3DA9B83DBA39}.Release|x64.ActiveCfg = Release|x64
		{F7E0DACE-E888-46C8-9AEC-3DA9B83DBA39}.Release|x64.Build.0 = Release|x64
		{F7E0DACE-E888-46C8-9AEC-3DA9B83DBA39}.Release|x86.ActiveCfg = Release|Win32
		{F7E0DACE-E888-46C8-9AEC-3DA9B83DBA39}.Release|x86.Build.0 = Release|Win32
		{53CDEB91-6C25-4B70-AF90-0F5E6F3C1B49}.Debug|x64.ActiveCfg = Debug|x64
		{53CDEB91-6C25-4B70-AF90-0F5E6F3C1B49}.Debug|x64.Build.0 = Debug|x64
		{53CDEB91-6C25-4B70-AF90-0F5E6F3C1B49}.Debug|x86.ActiveCfg = Debug|Win32
		{53CDEB91-6C25-4B70-AF90-0F5E6F3C1B49}.Debug|x86.Build.0 = Debug|Win32
		{53CDEB91-6C25-4B70-AF90-0F5E6F3C1B49}.Release|x64.ActiveCfg = Release|x64
		{53CDEB91-6C25-4B70-AF90-0F5E6F3C1B49}.Release|x64.Build.0 = Release|x64
		{53CDEB91-6C25-4B70-AF90-0F5E6F3C1B49}.Release|x86.ActiveCfg = Release|Win32
		{53CDEB91-6C25-4B70-AF90-0F5E6F3C1B49}.Release|x86.Build.0 = Release|Win32
		{7B6AAE3C-30D8-45F1-97B2-B1227AF36930}.Debug|x64.ActiveCfg = Debug|x64
		{7B6AAE3C-30D8-45F1-97B2-B1227AF36930}.Debug|x64.Build.0 = Debug|x64
		{7B6AAE3C-30D8-45F1-97B2-B1227AF36930}.Debug|x86.ActiveCfg = Debug|Win32
		{7B6AAE3C-30D8-45F1-97B2-B1227AF36930}.Debug|x86.Build.0 = Debug|Win32
		{7B6AAE3C-30D8-45F1-97B2-B1227AF36930}.Release|x64.ActiveCfg = Release|x64
		{7B6AAE3C-30D8-45F1-97B2-B1227AF36930}.Release|x64.Build.0 = Release|x64
		{7B6AAE3C-30D8-45F1-97B2-B1227AF36930}.Release|x86.ActiveCfg = Release|Win32
		{7B6AAE3C-30D8-45F1-97B2-B1227AF36930}.Release|x86.Build.0 = Release|Win32
		{27855566-B371-40B9-932D-FC5BC687106F}.Debug|x64.ActiveCfg = Debug|x64
		{27855566-B371-40B9-932D-FC5BC687106F}.Debug|x64.Build.0 = Debug|x64
		{27855566-B371-40B9-932D-FC5BC687106F}.Debug|x86.ActiveCfg = Debug|Win32
		{27855566-B371-40B9-932D-FC5BC687106F}.Debug|x86.Build.0 = Debug|Win32
		{27855566-B371-40B9-932D-FC5BC687106F}.Release|x64.ActiveCfg = Release|x64
		{27855566-B371-40B9-932D-FC5BC687106F}.Release|x64.Build.0 = Release|x64
		{27855566-B371-40B9-932D-FC5BC687106F}.Release|x86.ActiveCfg = Release|Win32
		{27855566-B371-40B9-932D-FC5BC687106F}.Release|x86.Build.0 = Release|Win32
		{45E56C45-146D-4C99-BDD7-D917B36E9793}.Debug|x64.ActiveCfg = Debug|x64
		{45E56C45-146D-4C99-BDD7-D917B36E9793}.Debug|x64.Build.0 = Debug|x64
		{45E56C45-146D-4C99-BDD7-D917B36E9793}.Debug|x86.ActiveCfg = Debug|Win32
		{45E56C45-146D-4C99-BDD7-D917B36E9793}.Debug|x86.Build.0 = Debug|Win32
		{45E56C45-146D-4C99-BDD7-D917B36E9793}.Release|x64.ActiveCfg = Release|x64
		{45E56C45-146D-4C99-BDD7-D917B36E9793}.Release|x64.Build.0 = Release|x64
		{45E56C45-146D-4C99-BDD7-D917B36E9793}.Release|x86.ActiveCfg = Release|Win32
		{45E56C45-146D-4C99-BDD7-D917B36E9793}.Release|x86.Build.0 = Release|Win32
		{DA85A91F-5567-4B65-9E94-6C97F7508187}.Debug|x64.ActiveCfg = Debug|x64
		{DA85A91F-5567-4B65-9E94-6C97F7508187}.Debug|x64.Build.0 = Debug|x64
		{DA85A91F-5567-4B65-9E94-6C97F7508187}.Debug|x86.ActiveCfg = Debug|Win32
		{DA85A91F-5567-4B65-9E94-6C97F7508187}.Debug|x86.Build.0 = Debug|Win32
		{DA85A91F-5567-4B65-9E94-6C97F7508187}.Release|x64.ActiveCfg = Release|x64
		{DA85A91F-5567-4B65-9E94-6C97F7508187}.Release|x64.Build.0 = Release|x64
		{DA85A91F-5567-4B65-9E94-6C97F7508187}.Release|x86.ActiveCfg = Release|Win32
		{DA85A91F-5567-4B65-9E94-6C97F7508187}.Release|x86.Build.0 = Release|Win32
		{699B4821-F3AB-4C69-88BE-9761C77457D3}.Debug|x64.ActiveCfg = Debug|x64
		{699B4821-F3AB-4C69-88BE-9761C77457D3}.Debug|x64.Build.0 = Debug|x64
		{699B4821-F3AB-4C69-88BE-9761C77457D3}.Debug|x86.ActiveCfg = Debug|Win32
		{699B4821-F3AB-4C69-88BE-9761C77457D3}.Debug|x86.Build.0 = Debug|Win32
		{699B4821-F3AB-4C69-88BE-9761C77457D3}.Release|x64.ActiveCfg = Release|x64
		{699B4821-F3AB-4C69-88BE-9761C77457D3}.Release|x64.Build.0 = Release|x64
		{699B4821-F3AB-4C69-88BE-9761C77457D3}.Release|x86.ActiveCfg = Release|Win32
		{699B4821-F3AB-4C69-88BE-9761C77457D3}.Release|x86.Build.0 = Release|Win32
		{A6F55C8A-DCF2-48F7-8B1D-F730AF4AB9E4}.Debug|x64.ActiveCfg = Debug|x64
		{A6F55C8A-DCF2-48F7-8B1D-F730AF4AB9E4}.Debug|x64.Build.0 = Debug|x64
		{A6F55C8A-DCF2-48F7-8B1D-F730AF4AB9E4}.Debug|x86.ActiveCfg = Debug|Win32
		{A6F55C8A-DCF2-48F7-8B1D-F730AF4AB9E4}.Debug|x86.Build.0 = Debug|Win32
		{A6F55C8A-DCF2-48F7-8B1D-F730AF4AB9E4}.Release|x64.ActiveCfg = Release|x64
		{A6F55C8A-DCF2-48F7-8B1D-F730AF4AB9E4}.Release|x64.Build.0 = Release|x64
		{A6F55C8A-DCF2-48F7-8B1D-F730AF4AB9E4}.Release|x86.ActiveCfg = Release|Win32
		{A6F55C8A-DCF2-48F7-8B1D-F730AF4AB9E4}.Release|x86.Build.0 = Release|Win32
		{E9F2771F-9F8F-4DBC-93B3-038C6312272C}.Debug|x64.ActiveCfg = Debug|x64
		{E9F2771F-9F8F-4DBC-93B3-038C6312272C}.Debug|x64.Build.0 = Debug|x64
		{E9F2771F-9F8F-4DBC-93B3-038C6312272C}.Debug|x86.ActiveCfg = Debug|Win32
		{E9F2771F-9F8F-4DBC-93B3-038C6312272C}.Debug|x86.Build.0 = Debug|Win32
		{E9F2771F-9F8F-4DBC-93B3-038C6312272C}.Release|x64.ActiveCfg = Release|x64
		{E9F2771F-9F8F-4DBC-93B3-038C6312272C}.Release|x64.Build.0 = Release|x64
		{E9F2771F-9F8F-4DBC-93B3-038C6312272C}.Release|x86.ActiveCfg = Release|Win32
		{E9F2771F-9F8F-4DBC-93B3-038C6312272C}.Release|x86.Build.0 = Release|Win32
		{3D02C576-5537-4422-AB6B-1B0968F19BCF}.Debug|x64.ActiveCfg = Debug|x64
		{3D02C576-5537-4422-AB6B-1B0968F19BCF}.Debug|x64.Build.0 = Debug|x64
		{3D02C576-5537-4422-AB6B-1B0968F19BCF}.Debug|x86.ActiveCfg = Debug|Win32
		{3D02C576-5537-4422-AB6B-1B0968F19BCF}.Debug|x86.Build.0 = Debug|Win32
		{3D02C576-5537-4422-AB6B-1B0968F19BCF}.Release|x64.ActiveCfg = Release|x64
		{3D02C576-5537-4422-AB6B-1B0968F19BCF}.Release|x64.Build.0 = Release|x64
		{3D02C576-5537-4422-AB6B-1B0968F19BCF}.Release|x86.ActiveCfg = Release|Win32
		{3D02C576-5537-4422-AB6B-1B0968F19BCF}.Release|x86.Build.0 = Release|Win32
		{9E0586B3-8AC8-4002-A61E-65912E867587}.Debug|x64.ActiveCfg = Debug|x64
		{9E0586B3-8AC8-4002-A61E-65912E867587}.Debug|x64.Build.0 = Debug|x64
		{9E0586B3-8AC8-4002-A61E-65912E867587}.Debug|x86.ActiveCfg = Debug|Win32
		{9E0586B3-8AC8-4002-A61E-65912E867587}.Debug|x86.Build.0 = Debug|Win32
		{9E0586B3-8AC8-4002-A61E-65912E867587}.Release|x64.ActiveCfg = Release|x64
		{9E0586B3-8AC8-4002-A61E-65912E867587}.Release|x64.Build.0 = Release|x64
		{9E0586B3-8AC8-4002-A61E-65912E867587}.Release|x86.ActiveCfg = Release|Win32
		{9E0586B3-8AC8-4002-A61E-65912E867587}.Release|x86.Build.0 = Release|Win32
	EndGlobalSection
	GlobalSection(SolutionProperties) = preSolution
		HideSolutionNode = FALSE
	EndGlobalSection
	GlobalSection(ExtensibilityGlobals) = postSolution
		SolutionGuid = {5A057D22-6FEF-424A-9668-0024B48817DA}
	EndGlobalSection
EndGlobal
